
Microsoft Visual Studio Solution File, Format Version 12.00
# Visual Studio 15
VisualStudioVersion = 15.0.28307.1267
MinimumVisualStudioVersion = 10.0.40219.1
Project("{FAE04EC0-301F-11D3-BF4B-00C04F79EFBC}") = "CodeFirst", "CodeFirst\CodeFirst.csproj", "{379BBC1F-EEAC-4F78-87D4-1E27627A9C15}"
EndProject
Global
	GlobalSection(SolutionConfigurationPlatforms) = preSolution
		Debug|Any CPU = Debug|Any CPU
		Release|Any CPU = Release|Any CPU
	EndGlobalSection
	GlobalSection(ProjectConfigurationPlatforms) = postSolution
		{379BBC1F-EEAC-4F78-87D4-1E27627A9C15}.Debug|Any CPU.ActiveCfg = Debug|Any CPU
		{379BBC1F-EEAC-4F78-87D4-1E27627A9C15}.Debug|Any CPU.Build.0 = Debug|Any CPU
		{379BBC1F-EEAC-4F78-87D4-1E27627A9C15}.Release|Any CPU.ActiveCfg = Release|Any CPU
		{379BBC1F-EEAC-4F78-87D4-1E27627A9C15}.Release|Any CPU.Build.0 = Release|Any CPU
	EndGlobalSection
	GlobalSection(SolutionProperties) = preSolution
		HideSolutionNode = FALSE
	EndGlobalSection
	GlobalSection(ExtensibilityGlobals) = postSolution
		SolutionGuid = {B0033E96-5534-4591-AC2A-34CDFFD88662}
	EndGlobalSection
EndGlobal
